
Microsoft Visual Studio Solution File, Format Version 12.00
# Visual Studio Version 16
VisualStudioVersion = 16.0.30523.141
MinimumVisualStudioVersion = 10.0.40219.1
Project("{FAE04EC0-301F-11D3-BF4B-00C04F79EFBC}") = "kalkulacka-snad.Android", "kalkulacka-snad\kalkulacka-snad.Android\kalkulacka-snad.Android.csproj", "{6E491629-FE79-438D-BAF6-507776C999EC}"
EndProject
Project("{FAE04EC0-301F-11D3-BF4B-00C04F79EFBC}") = "kalkulacka-snad", "kalkulacka-snad\kalkulacka-snad\kalkulacka-snad.csproj", "{A2E45E70-B08F-4B14-80C7-544CEDBB55AF}"
EndProject
Global
	GlobalSection(SolutionConfigurationPlatforms) = preSolution
		Debug|Any CPU = Debug|Any CPU
		Release|Any CPU = Release|Any CPU
	EndGlobalSection
	GlobalSection(ProjectConfigurationPlatforms) = postSolution
		{6E491629-FE79-438D-BAF6-507776C999EC}.Debug|Any CPU.ActiveCfg = Debug|Any CPU
		{6E491629-FE79-438D-BAF6-507776C999EC}.Debug|Any CPU.Build.0 = Debug|Any CPU
		{6E491629-FE79-438D-BAF6-507776C999EC}.Debug|Any CPU.Deploy.0 = Debug|Any CPU
		{6E491629-FE79-438D-BAF6-507776C999EC}.Release|Any CPU.ActiveCfg = Release|Any CPU
		{6E491629-FE79-438D-BAF6-507776C999EC}.Release|Any CPU.Build.0 = Release|Any CPU
		{6E491629-FE79-438D-BAF6-507776C999EC}.Release|Any CPU.Deploy.0 = Release|Any CPU
		{A2E45E70-B08F-4B14-80C7-544CEDBB55AF}.Debug|Any CPU.ActiveCfg = Debug|Any CPU
		{A2E45E70-B08F-4B14-80C7-544CEDBB55AF}.Debug|Any CPU.Build.0 = Debug|Any CPU
		{A2E45E70-B08F-4B14-80C7-544CEDBB55AF}.Release|Any CPU.ActiveCfg = Release|Any CPU
		{A2E45E70-B08F-4B14-80C7-544CEDBB55AF}.Release|Any CPU.Build.0 = Release|Any CPU
	EndGlobalSection
	GlobalSection(SolutionProperties) = preSolution
		HideSolutionNode = FALSE
	EndGlobalSection
	GlobalSection(ExtensibilityGlobals) = postSolution
		SolutionGuid = {81CD984E-B61A-4B82-B7E0-697552E18A24}
	EndGlobalSection
EndGlobal
